hash: 6b12a9176a923d8bc91e738c26d3e6ae32ca478f1f1ddc3d169ac91a13f2c559
updated: 2017-06-06T19:42:36.259550031+03:00
imports:
- name: code.cloudfoundry.org/bytefmt
  version: b12c1522f4cbb5f35861bd5dd2c39a4fa996441a
- name: github.com/amir/raidman
  version: c74861fe6a7bb8ede0a010ce4485bdbb4fc4c985
- name: github.com/asaskevich/govalidator
  version: 7b3beb6df3c42abd3509abfc3bcacc0fbfb7c877
- name: github.com/aws/aws-sdk-go
  version: 90dec2183a5f5458ee79cbaf4b8e9ab910bc81a6
  subpackages:
  - aws
  - aws/awserr
  - aws/awsutil
  - aws/client
  - aws/client/metadata
  - aws/corehandlers
  - aws/credentials
  - aws/credentials/ec2rolecreds
  - aws/defaults
  - aws/ec2metadata
  - aws/request
  - aws/session
  - aws/signer/v4
  - private/endpoints
  - private/protocol
  - private/protocol/json/jsonutil
  - private/protocol/jsonrpc
  - private/protocol/rest
  - private/protocol/restjson
  - service/lambda
- name: github.com/Azure/go-ansiterm
  version: fa152c58bc15761d0200cb75fe958b89a9d4888e
  subpackages:
  - winterm
- name: github.com/boltdb/bolt
  version: 0d9f544bb94aac29c185968483459ef74d6deb5d
- name: github.com/cactus/go-statsd-client
  version: 91c326c3f7bd20f0226d3d1c289dd9f8ce28d33d
  subpackages:
  - statsd
- name: github.com/ccirello/supervisor
  version: 341cd52503c550c397196693601273cc290cf1b4
- name: github.com/coreos/go-semver
  version: 9474efc580562cce8f761659fbce31b6feb8ce88
  subpackages:
  - semver
- name: github.com/dchest/siphash
  version: 4ebf1de738443ea7f45f02dc394c4df1942a126d
- name: github.com/dghubble/go-twitter
  version: f310dcebe0ae1f6b73165caed281f87768c15780
  subpackages:
  - twitter
- name: github.com/dghubble/oauth1
  version: 4385816142116aade2d97d0f320f9d3666e74cd9
- name: github.com/dgrijalva/jwt-go
  version: 9ed569b5d1ac936e6494082958d63a6aa4fff99a
- name: github.com/docker/cli
  version: ed5b66308222511bd9e2e4e7e2c278d9887d0142
  subpackages:
  - cli/config/configfile
- name: github.com/docker/distribution
  version: 99cb7c0946d2f5a38015443e515dc916295064d7
  subpackages:
  - manifest/schema1
- name: github.com/docker/docker
  version: fddb5a7f2ab29be441bc797f7e79fffc5cc531d3
  subpackages:
  - pkg/jsonlog
  - pkg/term
  - pkg/term/windows
- name: github.com/docker/go-units
  version: e30f1e79f3cd72542f2026ceec18d3bd67ab859c
- name: github.com/fsouza/go-dockerclient
  version: fbeb72ccd29aa2596f364a5a85af622c651c3e16
- name: github.com/funcy/functions_go
  version: 6ab40fd04a355106389f52a5a3815b1b771b18c7
  subpackages:
  - client
  - client/apps
  - client/routes
  - client/tasks
  - client/version
  - models
- name: github.com/garyburd/redigo
  version: 0708def8b0cf3a05acdf44a7f28b864c2958921d
  subpackages:
  - redis
- name: github.com/giantswarm/semver-bump
  version: 7ec6ac8985c24dd50b4942f9a908d13cdfe70f23
  subpackages:
  - bump
  - storage
- name: github.com/gin-gonic/gin
  version: e2212d40c62a98b388a5eb48ecbdcf88534688ba
- name: github.com/go-ini/ini
  version: 2ba15ac2dc9cdf88c110ec2dc0ced7fa45f5678c
- name: github.com/go-openapi/analysis
  version: 7222828b8ce19afee3c595aef6643b9e42150120
- name: github.com/go-openapi/errors
  version: 49fe8b3a0e0d32a617d8d50c67f856ad6e45b28b
- name: github.com/go-openapi/jsonpointer
  version: 8d96a2dc61536b690bd36b2e9df0b3c0b62825b2
- name: github.com/go-openapi/jsonreference
  version: 36d33bfe519efae5632669801b180bf1a245da3b
- name: github.com/go-openapi/loads
  version: 315567415dfd74b651f7a62cabfc82a57ed7b9ad
  subpackages:
  - fmts
- name: github.com/go-openapi/runtime
  version: 14b161b40ece9dac8e244ab2fde2d209e108c6f5
  subpackages:
  - client
- name: github.com/go-openapi/spec
  version: f7ae86df5bc115a2744343016c789a89f065a4bd
- name: github.com/go-openapi/strfmt
  version: 34fc3ba7c0f5fb615fda47a2b4fbd4c641b215f2
- name: github.com/go-openapi/swag
  version: 3b6d86cd965820f968760d5d419cb4add096bdd7
- name: github.com/go-openapi/validate
  version: 027696d4b54399770f1cdcc6c6daa56975f9e14e
- name: github.com/go-resty/resty
  version: 24dc7ba4bc1ef9215048b28e7248f99c42901db5
- name: github.com/go-sql-driver/mysql
  version: a0583e0143b1624142adab07e0e97fe106d99561
- name: github.com/google/btree
  version: 0c3044bc8bada22db67b93f5760fe3f05d6a5c25
- name: github.com/heroku/docker-registry-client
  version: 36bd5f538a6b9e70f2d863c9a8f6bf955a98eddc
  subpackages:
  - registry
- name: github.com/iron-io/iron_go3
  version: b50ecf8ff90187fc5fabccd9d028dd461adce4ee
  subpackages:
  - config
  - mq
- name: github.com/jmespath/go-jmespath
  version: bd40a432e4c76585ef6b72d3fd96fb9b6dc7b68d
- name: github.com/jmoiron/jsonq
  version: e874b168d07ecc7808bc950a17998a8aa3141d82
- name: github.com/juju/errgo
  version: 08cceb5d0b5331634b9826762a8fd53b29b86ad8
  subpackages:
  - errors
- name: github.com/lib/pq
  version: 4a82388ebc5138c8289fe9bc602cb0b3e32cd617
- name: github.com/mailru/easyjson
  version: 159cdb893c982e3d1bc6450322fedd514f9c9de3
  subpackages:
  - buffer
  - jlexer
  - jwriter
- name: github.com/mitchellh/mapstructure
  version: f3009df150dadf309fdee4a54ed65c124afad715
- name: github.com/moby/moby
  version: c8141a1fb1ff33b2bfab85a40e5da9a282f36cdc
  subpackages:
  - pkg/jsonmessage
- name: github.com/Nvveen/Gotty
  version: cd527374f1e5bff4938207604a14f2e38a9cf512
- name: github.com/pkg/errors
  version: 248dadf4e9068a0b3e79f02ed0a610d935de5302
- name: github.com/PuerkitoBio/purell
  version: 0bcb03f4b4d0a9428594752bd2a3b9aa0a9d4bd4
- name: github.com/PuerkitoBio/urlesc
  version: 5bd2802263f21d8788851d5305584c82a5c75d7e
- name: github.com/satori/go.uuid
  version: 879c5887cd475cd7864858769793b2ceb0d44feb
- name: github.com/Sirupsen/logrus
  version: 0208149b40d863d2c1a2f8fe5753096a9cf2cc8b
  subpackages:
  - hooks/syslog
- name: github.com/spf13/viper
  version: 5ed0fc31f7f453625df314d8e66b9791e8d13003
- name: github.com/urfave/cli
  version: 0bdeddeeb0f650497d603c4ad7b20cfe685682f6
- name: golang.org/x/crypto
  version: c10c31b5e94b6f7a0283272dc2bb27163dcea24b
  subpackages:
  - bcrypt
- name: golang.org/x/net
  version: f315505cf3349909cdf013ea56690da34e96a451
  subpackages:
  - context
  - context/ctxhttp
  - idna
  - publicsuffix
- name: golang.org/x/sys
  version: 478fcf54317e52ab69f40bb4c7a1520288d7f7ea
  subpackages:
  - unix
- name: golang.org/x/text
  version: 5c6cf4f9a2357d38515014cea8c488ed22bdab90
  subpackages:
  - transform
  - unicode/norm
  - width
- name: gopkg.in/mgo.v2
  version: 3f83fa5005286a7fe593b055f0d7771a7dce4655
  subpackages:
  - bson
- name: gopkg.in/yaml.v2
  version: bef53efd0c76e49e6de55ead051f886bea7e9420
testImports:
- name: github.com/vrischmann/envconfig
  version: 757beaaeac8d14bcc7ea3f71488d65cf45cf2eff
