hash: a586a0b85eb753b0b618a3e763123480deb2ba6389496c1f1b897a9305326026
updated: 2016-12-07T11:54:35.937180292-08:00
imports:
- name: github.com/asaskevich/govalidator
  version: 7b3beb6df3c42abd3509abfc3bcacc0fbfb7c877
- name: github.com/aws/aws-sdk-go
  version: db9509b01e2e00890091ca164aebf0b1ca62eef8
  subpackages:
  - aws
  - aws/awserr
  - aws/awsutil
  - aws/client
  - aws/client/metadata
  - aws/corehandlers
  - aws/credentials
  - aws/credentials/ec2rolecreds
  - aws/credentials/endpointcreds
  - aws/credentials/stscreds
  - aws/defaults
  - aws/ec2metadata
  - aws/endpoints
  - aws/request
  - aws/session
  - aws/signer/v4
  - private/protocol
  - private/protocol/json/jsonutil
  - private/protocol/jsonrpc
  - private/protocol/query
  - private/protocol/query/queryutil
  - private/protocol/rest
  - private/protocol/restjson
  - private/protocol/xml/xmlutil
  - service/lambda
  - service/sts
- name: github.com/Azure/go-ansiterm
  version: fa152c58bc15761d0200cb75fe958b89a9d4888e
  subpackages:
  - winterm
- name: github.com/coreos/go-semver
  version: 9474efc580562cce8f761659fbce31b6feb8ce88
  subpackages:
  - semver
- name: github.com/docker/docker
  version: eefbf1ddd3ee4e6b6e6dc7e938e77a96ceb40163
  subpackages:
  - api/types
  - api/types/blkiodev
  - api/types/container
  - api/types/filters
  - api/types/mount
  - api/types/network
  - api/types/registry
  - api/types/strslice
  - api/types/swarm
  - api/types/versions
  - opts
  - pkg/archive
  - pkg/fileutils
  - pkg/homedir
  - pkg/idtools
  - pkg/ioutils
  - pkg/jsonlog
  - pkg/jsonmessage
  - pkg/longpath
  - pkg/pools
  - pkg/promise
  - pkg/stdcopy
  - pkg/system
  - pkg/term
  - pkg/term/windows
- name: github.com/docker/go-connections
  version: 4ccf312bf1d35e5dbda654e57a9be4c3f3cd0366
  subpackages:
  - nat
- name: github.com/docker/go-units
  version: e30f1e79f3cd72542f2026ceec18d3bd67ab859c
- name: github.com/fsouza/go-dockerclient
  version: a633c5ee3344bd557a9a22e9b7259cab6447cd22
- name: github.com/giantswarm/semver-bump
  version: 7ec6ac8985c24dd50b4942f9a908d13cdfe70f23
  subpackages:
  - bump
  - storage
- name: github.com/go-ini/ini
  version: 2ba15ac2dc9cdf88c110ec2dc0ced7fa45f5678c
- name: github.com/go-openapi/analysis
  version: 7222828b8ce19afee3c595aef6643b9e42150120
- name: github.com/go-openapi/errors
  version: 49fe8b3a0e0d32a617d8d50c67f856ad6e45b28b
- name: github.com/go-openapi/jsonpointer
  version: 8d96a2dc61536b690bd36b2e9df0b3c0b62825b2
- name: github.com/go-openapi/jsonreference
  version: 36d33bfe519efae5632669801b180bf1a245da3b
- name: github.com/go-openapi/loads
  version: 315567415dfd74b651f7a62cabfc82a57ed7b9ad
- name: github.com/go-openapi/runtime
  version: 14b161b40ece9dac8e244ab2fde2d209e108c6f5
  subpackages:
  - client
- name: github.com/go-openapi/spec
  version: f7ae86df5bc115a2744343016c789a89f065a4bd
- name: github.com/go-openapi/strfmt
  version: 34fc3ba7c0f5fb615fda47a2b4fbd4c641b215f2
- name: github.com/go-openapi/swag
  version: 3b6d86cd965820f968760d5d419cb4add096bdd7
- name: github.com/go-openapi/validate
  version: 027696d4b54399770f1cdcc6c6daa56975f9e14e
- name: github.com/go-resty/resty
  version: 24dc7ba4bc1ef9215048b28e7248f99c42901db5
- name: github.com/hashicorp/go-cleanhttp
  version: ad28ea4487f05916463e2423a55166280e8254b5
- name: github.com/kumokit/functions_go
  version: 69e4dec8454c3c710045263c2ede76139c141146
  subpackages:
  - client
  - client/apps
  - client/routes
  - client/tasks
  - client/version
  - models
- name: github.com/kumokit/iron_go3
  version: b50ecf8ff90187fc5fabccd9d028dd461adce4ee
  subpackages:
  - api
  - config
  - worker
- name: github.com/kumokit/lambda
  version: 4a046af3249dd5933a8d328f965e9717c97fef24
  subpackages:
  - lambda
- name: github.com/jmespath/go-jmespath
  version: 3433f3ea46d9f8019119e7dd41274e112a2359a9
- name: github.com/jmoiron/jsonq
  version: e874b168d07ecc7808bc950a17998a8aa3141d82
- name: github.com/juju/errgo
  version: 08cceb5d0b5331634b9826762a8fd53b29b86ad8
  subpackages:
  - errors
- name: github.com/mailru/easyjson
  version: 159cdb893c982e3d1bc6450322fedd514f9c9de3
  subpackages:
  - buffer
  - jlexer
  - jwriter
- name: github.com/Microsoft/go-winio
  version: 24a3e3d3fc7451805e09d11e11e95d9a0a4f205e
- name: github.com/mitchellh/mapstructure
  version: f3009df150dadf309fdee4a54ed65c124afad715
- name: github.com/opencontainers/runc
  version: 8893fa693bf9bf29e5a156369bc51b887df43924
  subpackages:
  - libcontainer/system
  - libcontainer/user
- name: github.com/PuerkitoBio/purell
  version: 0bcb03f4b4d0a9428594752bd2a3b9aa0a9d4bd4
- name: github.com/PuerkitoBio/urlesc
  version: 5bd2802263f21d8788851d5305584c82a5c75d7e
- name: github.com/satori/go.uuid
  version: 879c5887cd475cd7864858769793b2ceb0d44feb
- name: github.com/Sirupsen/logrus
  version: d26492970760ca5d33129d2d799e34be5c4782eb
- name: github.com/urfave/cli
  version: 0bdeddeeb0f650497d603c4ad7b20cfe685682f6
- name: golang.org/x/net
  version: f315505cf3349909cdf013ea56690da34e96a451
  subpackages:
  - context
  - context/ctxhttp
  - idna
  - publicsuffix
- name: golang.org/x/sys
  version: d5645953809d8b4752afb2c3224b1f1ad73dfa70
  subpackages:
  - unix
  - windows
- name: golang.org/x/text
  version: 5c6cf4f9a2357d38515014cea8c488ed22bdab90
  subpackages:
  - transform
  - unicode/norm
  - width
- name: gopkg.in/yaml.v2
  version: a5b47d31c556af34a302ce5d659e6fea44d90de0
testImports: []
