hash: 2101b4c83f12c75cbc3cb5be0a7d544dd3a7d21a27ef8a5ee8b014ded8cee034
updated: 2016-07-27T16:56:51.792310167-03:00
imports:
- name: github.com/asaskevich/govalidator
  version: 593d64559f7600f29581a3ee42177f5dbded27a9
- name: github.com/boltdb/bolt
  version: 5cc10bbbc5c141029940133bb33c9e969512a698
- name: github.com/gin-gonic/gin
  version: 4a6bc4aac4607e253bcda67c8c5bcda693d2388e
  subpackages:
  - binding
  - render
- name: github.com/go-openapi/analysis
  version: abc9a6171f5bf03ada39aead1aa7fd7bbd44d50f
- name: github.com/go-openapi/errors
  version: d24ebc2075bad502fac3a8ae27aa6dd58e1952dc
- name: github.com/go-openapi/jsonpointer
  version: 46af16f9f7b149af66e5d1bd010e3574dc06de98
- name: github.com/go-openapi/jsonreference
  version: 13c6e3589ad90f49bd3e3bbe2c2cb3d7a4142272
- name: github.com/go-openapi/loads
  version: 18441dfa706d924a39a030ee2c3b1d8d81917b38
- name: github.com/go-openapi/runtime
  version: 11e322eeecc1032d5a0a96c566ed53f2b5c26e22
- name: github.com/go-openapi/spec
  version: e9fab754f5629065e6b7a6100301226545d4477e
- name: github.com/go-openapi/strfmt
  version: dfda818c47a4ae5a1dde75ac776f34b2c95de993
- name: github.com/go-openapi/swag
  version: 1d0bd113de87027671077d3c71eb3ac5d7dbba72
- name: github.com/go-openapi/validate
  version: deaf2c9013bc1a7f4c774662259a506ba874d80f
- name: github.com/golang/protobuf
  version: 2402d76f3d41f928c7902a765dfc872356dd3aad
  subpackages:
  - proto
- name: github.com/iron-io/titan
  version: 697a5466b096fee73202f5ddccf8213a2357e062
  repo: git@github.com:iron-io/titan.git
  vcs: git
  subpackages:
  - jobserver/models
- name: github.com/lib/pq
  version: 3cd0097429be7d611bb644ef85b42bfb102ceea4
  subpackages:
  - oid
- name: github.com/mailru/easyjson
  version: 97eee20abef76a0591155412cf0d04f24b05098f
  subpackages:
  - jlexer
  - jwriter
  - buffer
- name: github.com/manucorporat/sse
  version: ee05b128a739a0fb76c7ebd3ae4810c1de808d6d
- name: github.com/PuerkitoBio/purell
  version: 1d5d1cfad45d42ec5f81fa8ef23de09cebc6dcc3
- name: github.com/PuerkitoBio/urlesc
  version: 5bd2802263f21d8788851d5305584c82a5c75d7e
- name: github.com/Sirupsen/logrus
  version: a283a10442df8dc09befd873fab202bf8a253d6a
- name: golang.org/x/net
  version: f315505cf3349909cdf013ea56690da34e96a451
  subpackages:
  - context
- name: golang.org/x/sys
  version: a646d33e2ee3172a661fc09bca23bb4889a41bc8
  subpackages:
  - unix
- name: gopkg.in/go-playground/validator.v8
  version: c193cecd124b5cc722d7ee5538e945bdb3348435
testImports: []
