hash: b555054a6f86ac84f6104ad9efabdcd85966c8f6574e485be7337c3ee9f29aa0
updated: 2017-08-16T11:13:27.488480563-07:00
imports:
- name: github.com/amir/raidman
  version: 1ccc43bfb9c93cb401a4025e49c64ba71e5e668b
  subpackages:
  - proto
- name: github.com/apache/thrift
  version: ec64f23d236d7874e3b28ae86c833f57c7aa3389
  subpackages:
  - lib/go/thrift
- name: github.com/asaskevich/govalidator
  version: 15028e809df8c71964e8efa6c11e81d5c0262302
- name: github.com/Azure/go-ansiterm
  version: fa152c58bc15761d0200cb75fe958b89a9d4888e
  subpackages:
  - winterm
- name: github.com/boltdb/bolt
  version: 2f1ce7a837dcb8da3ec595b1dac9d0632f0f99e8
- name: github.com/cactus/go-statsd-client
  version: ad551ee7f9f3465fb1ce1695899c612f7808a06a
  subpackages:
  - statsd
- name: github.com/ccirello/supervisor
  version: 230eff6403e22b43f5fba7b28466dae4718934dd
- name: github.com/cenkalti/backoff
  version: 61153c768f31ee5f130071d08fc82b85208528de
- name: github.com/coreos/go-semver
  version: 1817cd4bea52af76542157eeabd74b057d1a199e
  subpackages:
  - semver
- name: github.com/davecgh/go-spew
  version: adab96458c51a58dc1783b3335dcce5461522e75
  subpackages:
  - spew
- name: github.com/dchest/siphash
  version: 4ebf1de738443ea7f45f02dc394c4df1942a126d
- name: github.com/dghubble/go-twitter
  version: f74be7f0f20b142558537ca43852457f7c52e051
  subpackages:
  - twitter
- name: github.com/dghubble/oauth1
  version: 7d51c10e15ca32917b32ce43f6e25840d6951db4
- name: github.com/dghubble/sling
  version: 80ec33c6152a53edb5545864ca37567b506c4ca5
- name: github.com/dgrijalva/jwt-go
  version: a539ee1a749a2b895533f979515ac7e6e0f5b650
- name: github.com/docker/cli
  version: dd585ad4fb8046aa66eb56babef0c63aa5c5244d
  subpackages:
  - cli/config/configfile
- name: github.com/docker/distribution
  version: 5ccd03d28ae2b23a3b2863216bcb97e9f650f6d2
  subpackages:
  - context
  - digestset
  - manifest
  - manifest/schema1
  - manifest/schema2
  - reference
  - registry/api/errcode
  - registry/api/v2
  - registry/client
  - registry/client/auth
  - registry/client/auth/challenge
  - registry/client/transport
  - registry/storage/cache
  - registry/storage/cache/memory
  - uuid
- name: github.com/docker/docker
  version: 89658bed64c2a8fe05a978e5b87dbec409d57a0f
  subpackages:
  - api/types
  - api/types/blkiodev
  - api/types/container
  - api/types/filters
  - api/types/mount
  - api/types/network
  - api/types/registry
  - api/types/strslice
  - api/types/swarm
  - api/types/versions
  - opts
  - pkg/archive
  - pkg/fileutils
  - pkg/homedir
  - pkg/idtools
  - pkg/ioutils
  - pkg/jsonlog
  - pkg/jsonmessage
  - pkg/longpath
  - pkg/pools
  - pkg/promise
  - pkg/stdcopy
  - pkg/system
  - pkg/term
  - pkg/term/windows
- name: github.com/docker/go-connections
  version: 3ede32e2033de7505e6500d6c868c2b9ed9f169d
  subpackages:
  - nat
- name: github.com/docker/go-units
  version: 0dadbb0345b35ec7ef35e228dabb8de89a65bf52
- name: github.com/docker/libtrust
  version: aabc10ec26b754e797f9028f4589c5b7bd90dc20
- name: github.com/eapache/go-resiliency
  version: b1fe83b5b03f624450823b751b662259ffc6af70
  subpackages:
  - breaker
- name: github.com/eapache/go-xerial-snappy
  version: bb955e01b9346ac19dc29eb16586c90ded99a98c
- name: github.com/eapache/queue
  version: 44cc805cf13205b55f69e14bcb69867d1ae92f98
- name: github.com/fsnotify/fsnotify
  version: 4da3e2cfbabc9f751898f250b49f2439785783a1
- name: github.com/fsouza/go-dockerclient
  version: 75772940379e725b5aae213e570f9dcd751951cb
- name: github.com/funcy/functions_go
  version: fc7e7ca2fbc8bef236300b7b9f1075410a62447f
  subpackages:
  - client
  - client/apps
  - client/call
  - client/operations
  - client/routes
  - client/tasks
  - client/version
  - models
- name: github.com/garyburd/redigo
  version: b925df3cc15d8646e9b5b333ebaf3011385aba11
  subpackages:
  - internal
  - redis
- name: github.com/gin-contrib/sse
  version: 22d885f9ecc78bf4ee5d72b937e4bbcdc58e8cae
- name: github.com/gin-gonic/gin
  version: a8fa424ae529397d4a0f2a1f9fda8031851a3269
  subpackages:
  - binding
  - json
  - render
- name: github.com/go-logfmt/logfmt
  version: 390ab7935ee28ec6b286364bba9b4dd6410cb3d5
- name: github.com/go-openapi/analysis
  version: 8ed83f2ea9f00f945516462951a288eaa68bf0d6
- name: github.com/go-openapi/errors
  version: 03cfca65330da08a5a440053faf994a3c682b5bf
- name: github.com/go-openapi/jsonpointer
  version: 779f45308c19820f1a69e9a4cd965f496e0da10f
- name: github.com/go-openapi/jsonreference
  version: 36d33bfe519efae5632669801b180bf1a245da3b
- name: github.com/go-openapi/loads
  version: a80dea3052f00e5f032e860dd7355cd0cc67e24d
  subpackages:
  - fmts
- name: github.com/go-openapi/runtime
  version: d6605b7c17ac3b1033ca794886e6142a4141f5b0
  subpackages:
  - client
- name: github.com/go-openapi/spec
  version: 3faa0055dbbf2110abc1f3b4e3adbb22721e96e7
- name: github.com/go-openapi/strfmt
  version: 93a31ef21ac23f317792fff78f9539219dd74619
- name: github.com/go-openapi/swag
  version: f3f9494671f93fcff853e3c6e9e948b3eb71e590
- name: github.com/go-openapi/validate
  version: 8a82927c942c94794a5cd8b8b50ce2f48a955c0c
- name: github.com/go-sql-driver/mysql
  version: 3955978caca48c1658a4bb7a9c6a0f084e326af3
- name: github.com/gogo/protobuf
  version: fcdc5011193ff531a548e9b0301828d5a5b97fd8
  subpackages:
  - proto
- name: github.com/golang/protobuf
  version: ab9f9a6dab164b7d1246e0e688b0ab7b94d8553e
  subpackages:
  - proto
- name: github.com/golang/snappy
  version: 553a641470496b2327abcac10b36396bd98e45c9
- name: github.com/google/btree
  version: 316fb6d3f031ae8f4d457c6c5186b9e3ded70435
- name: github.com/google/go-querystring
  version: 53e6ce116135b80d037921a7fdd5138cf32d7a8a
  subpackages:
  - query
- name: github.com/gorilla/context
  version: 08b5f424b9271eedf6f9f0ce86cb9396ed337a42
- name: github.com/gorilla/mux
  version: ac112f7d75a0714af1bd86ab17749b31f7809640
- name: github.com/hashicorp/hcl
  version: 392dba7d905ed5d04a5794ba89f558b27e2ba1ca
  subpackages:
  - hcl/ast
  - hcl/parser
  - hcl/scanner
  - hcl/strconv
  - hcl/token
  - json/parser
  - json/scanner
  - json/token
- name: github.com/iron-io/iron_go3
  version: 830335d420db87fc84cbff7f0d1348a46b499946
  subpackages:
  - api
  - config
  - mq
- name: github.com/jmoiron/jsonq
  version: e874b168d07ecc7808bc950a17998a8aa3141d82
- name: github.com/jmoiron/sqlx
  version: d9bd385d68c068f1fabb5057e3dedcbcbb039d0f
  subpackages:
  - reflectx
- name: github.com/json-iterator/go
  version: 887789156aeca0b292a5080b24e650d856c28933
- name: github.com/kr/logfmt
  version: b84e30acd515aadc4b783ad4ff83aff3299bdfe0
- name: github.com/lib/pq
  version: e42267488fe361b9dc034be7a6bffef5b195bceb
  subpackages:
  - oid
- name: github.com/magiconair/properties
  version: be5ece7dd465ab0765a9682137865547526d1dfb
- name: github.com/mailru/easyjson
  version: 2f5df55504ebc322e4d52d34df6a1f5b503bf26d
  subpackages:
  - buffer
  - jlexer
  - jwriter
- name: github.com/mattn/go-isatty
  version: fc9e8d8ef48496124e79ae0df75490096eccf6fe
- name: github.com/mattn/go-sqlite3
  version: 6654e412c3c7eabb310d920cf73a2102dbf8c632
- name: github.com/Microsoft/go-winio
  version: 78439966b38d69bf38227fbf57ac8a6fee70f69a
- name: github.com/mitchellh/mapstructure
  version: d0303fe809921458f417bcf828397a65db30a7e4
- name: github.com/Nvveen/Gotty
  version: cd527374f1e5bff4938207604a14f2e38a9cf512
- name: github.com/opencontainers/go-digest
  version: 279bed98673dd5bef374d3b6e4b09e2af76183bf
- name: github.com/opencontainers/runc
  version: ea35825a6350511ab93fe24e69c0723d6728616d
  subpackages:
  - libcontainer/system
  - libcontainer/user
- name: github.com/opentracing-contrib/go-observer
  version: a52f2342449246d5bcc273e65cbdcfa5f7d6c63c
- name: github.com/opentracing/opentracing-go
  version: 8ebe5d4e236eed9fd88e593c288bfb804d630b8c
  subpackages:
  - ext
  - log
- name: github.com/openzipkin/zipkin-go-opentracing
  version: a3f24586d6771f7a52012fc17b05a3f781592173
  subpackages:
  - flag
  - thrift/gen-go/scribe
  - thrift/gen-go/zipkincore
  - types
  - wire
- name: github.com/patrickmn/go-cache
  version: a3647f8e31d79543b2d0f0ae2fe5c379d72cedc0
- name: github.com/pelletier/go-toml
  version: 69d355db5304c0f7f809a2edc054553e7142f016
- name: github.com/pierrec/lz4
  version: 5a3d2245f97fc249850e7802e3c01fad02a1c316
- name: github.com/pierrec/xxHash
  version: a0006b13c722f7f12368c00a3d3c2ae8a999a0c6
  subpackages:
  - xxHash32
- name: github.com/pkg/errors
  version: c605e284fe17294bda444b34710735b29d1a9d90
- name: github.com/PuerkitoBio/purell
  version: 7cf257f0a33260797b0febf39f95fccd86aab2a3
- name: github.com/PuerkitoBio/urlesc
  version: de5bf2ad457846296e2031421a34e2568e304e35
- name: github.com/rcrowley/go-metrics
  version: 1f30fe9094a513ce4c700b9a54458bbb0c96996c
- name: github.com/Shopify/sarama
  version: 3fee590c5568849516741670af9331a193bbe2a3
- name: github.com/sirupsen/logrus
  version: ba1b36c82c5e05c4f912a88eab0dcd91a171688f
- name: github.com/Sirupsen/logrus
  version: ba1b36c82c5e05c4f912a88eab0dcd91a171688f
  repo: https://github.com/sirupsen/logrus.git
  vcs: git
  subpackages:
  - hooks/syslog
- name: github.com/spf13/afero
  version: 9be650865eab0c12963d8753212f4f9c66cdcf12
  subpackages:
  - mem
- name: github.com/spf13/cast
  version: acbeb36b902d72a7a4c18e8f3241075e7ab763e4
- name: github.com/spf13/jwalterweatherman
  version: 0efa5202c04663c757d84f90f5219c1250baf94f
- name: github.com/spf13/pflag
  version: e57e3eeb33f795204c1ca35f56c44f83227c6e66
- name: github.com/spf13/viper
  version: 25b30aa063fc18e48662b86996252eabdcf2f0c7
- name: github.com/ugorji/go
  version: 5efa3251c7f7d05e5d9704a69a984ec9f1386a40
  subpackages:
  - codec
- name: golang.org/x/crypto
  version: b176d7def5d71bdd214203491f89843ed217f420
  subpackages:
  - bcrypt
  - blowfish
- name: golang.org/x/net
  version: 1c05540f6879653db88113bc4a2b70aec4bd491f
  subpackages:
  - context
  - context/ctxhttp
  - idna
  - proxy
- name: golang.org/x/sys
  version: 9f7170bcd8e9f4d3691c06401119c46a769a1e03
  subpackages:
  - unix
  - windows
- name: golang.org/x/text
  version: e56139fd9c5bc7244c76116c68e500765bb6db6b
  subpackages:
  - secure/bidirule
  - transform
  - unicode/bidi
  - unicode/norm
  - width
- name: gopkg.in/go-playground/validator.v8
  version: 5f1438d3fca68893a817e4a66806cea46a9e4ebf
- name: gopkg.in/mgo.v2
  version: 3f83fa5005286a7fe593b055f0d7771a7dce4655
  subpackages:
  - bson
  - internal/json
  - internal/sasl
  - internal/scram
- name: gopkg.in/yaml.v2
  version: eb3733d160e74a9c7e442f435eb3bea458e1d19f
testImports: []
