# This file is autogenerated, do not edit; changes may be undone by the next 'dep ensure'.


[[projects]]
  branch = "master"
  name = "github.com/fnproject/fdk-go"
  packages = [
    ".",
    "utils"
  ]
  revision = "19c8e175e8563669762773c3c3f68e6bf995b16a"

[solve-meta]
  analyzer-name = "dep"
  analyzer-version = 1
  inputs-digest = "3242a47c216689ea8cba48fe3ed4c834bc210d149bc63301052a24b694fc6564"
  solver-name = "gps-cdcl"
  solver-version = 1
