# This file is autogenerated, do not edit; changes may be undone by the next 'dep ensure'.


[[projects]]
  name = "github.com/fnproject/fdk-go"
  packages = ["."]
  revision = "80587e856ebb4a7a28db9387417c2fc1962e5fa0"

[solve-meta]
  analyzer-name = "dep"
  analyzer-version = 1
  inputs-digest = "aebac8f67449b6e1aeeea3f8d6c4a2af75dc120002b1e901e32ed7e63a6daa5c"
  solver-name = "gps-cdcl"
  solver-version = 1
