# This file is autogenerated, do not edit; changes may be undone by the next 'dep ensure'.


[[projects]]
  branch = "master"
  name = "github.com/fnproject/fdk-go"
  packages = ["."]
  revision = "26ed643bea6837eb6ca757e0d98155b42e13e1dc"

[solve-meta]
  analyzer-name = "dep"
  analyzer-version = 1
  inputs-digest = "c55f0d3da5ec2e9e5c9a7c563702e4cf28513fa1aaea1c18664ca2cb7d726f89"
  solver-name = "gps-cdcl"
  solver-version = 1
