# This file is autogenerated, do not edit; changes may be undone by the next 'dep ensure'.


[[projects]]
  branch = "master"
  name = "github.com/fnproject/fdk-go"
  packages = [
    ".",
    "utils"
  ]
  revision = "5d768b2006f11737b6a69a758ddd6d2fac04923e"

[solve-meta]
  analyzer-name = "dep"
  analyzer-version = 1
  inputs-digest = "c55f0d3da5ec2e9e5c9a7c563702e4cf28513fa1aaea1c18664ca2cb7d726f89"
  solver-name = "gps-cdcl"
  solver-version = 1
